
Microsoft Visual Studio Solution File, Format Version 12.00
# Visual Studio 15
VisualStudioVersion = 15.0.28010.2003
MinimumVisualStudioVersion = 10.0.40219.1
Project("{FAE04EC0-301F-11D3-BF4B-00C04F79EFBC}") = "DesignPatterns", "DesignPatterns\DesignPatterns.csproj", "{DAB3EF4E-B1BF-46EF-9976-3A65A1A024C4}"
EndProject
Project("{FAE04EC0-301F-11D3-BF4B-00C04F79EFBC}") = "SOLID", "SOLID\SOLID.csproj", "{7B87E32E-54E1-4CD7-81F2-7E6002CA19C4}"
EndProject
Global
	GlobalSection(SolutionConfigurationPlatforms) = preSolution
		Debug|Any CPU = Debug|Any CPU
		Release|Any CPU = Release|Any CPU
	EndGlobalSection
	GlobalSection(ProjectConfigurationPlatforms) = postSolution
		{DAB3EF4E-B1BF-46EF-9976-3A65A1A024C4}.Debug|Any CPU.ActiveCfg = Debug|Any CPU
		{DAB3EF4E-B1BF-46EF-9976-3A65A1A024C4}.Debug|Any CPU.Build.0 = Debug|Any CPU
		{DAB3EF4E-B1BF-46EF-9976-3A65A1A024C4}.Release|Any CPU.ActiveCfg = Release|Any CPU
		{DAB3EF4E-B1BF-46EF-9976-3A65A1A024C4}.Release|Any CPU.Build.0 = Release|Any CPU
		{7B87E32E-54E1-4CD7-81F2-7E6002CA19C4}.Debug|Any CPU.ActiveCfg = Debug|Any CPU
		{7B87E32E-54E1-4CD7-81F2-7E6002CA19C4}.Debug|Any CPU.Build.0 = Debug|Any CPU
		{7B87E32E-54E1-4CD7-81F2-7E6002CA19C4}.Release|Any CPU.ActiveCfg = Release|Any CPU
		{7B87E32E-54E1-4CD7-81F2-7E6002CA19C4}.Release|Any CPU.Build.0 = Release|Any CPU
	EndGlobalSection
	GlobalSection(SolutionProperties) = preSolution
		HideSolutionNode = FALSE
	EndGlobalSection
	GlobalSection(ExtensibilityGlobals) = postSolution
		SolutionGuid = {FE470879-10AB-4AE8-B118-3E9178C73617}
	EndGlobalSection
EndGlobal
